
Microsoft Visual Studio Solution File, Format Version 12.00
# Visual Studio 15
VisualStudioVersion = 15.0.26730.16
MinimumVisualStudioVersion = 10.0.40219.1
Project("{FAE04EC0-301F-11D3-BF4B-00C04F79EFBC}") = "TaskExecutor", "TaskExecutor\TaskExecutor.csproj", "{2C746712-60A0-4A9A-999C-40F950FE5995}"
EndProject
Project("{FAE04EC0-301F-11D3-BF4B-00C04F79EFBC}") = "TaskExecutorLib", "TaskExecutorLib\TaskExecutorLib.csproj", "{B794D22D-F0E2-43A8-9914-0A43CECA8A87}"
EndProject
Project("{FAE04EC0-301F-11D3-BF4B-00C04F79EFBC}") = "Logger", "Logger\Logger.csproj", "{67311D92-0228-4A98-A740-A4CF3C6B9392}"
EndProject
Global
	GlobalSection(SolutionConfigurationPlatforms) = preSolution
		Debug|Any CPU = Debug|Any CPU
		Release|Any CPU = Release|Any CPU
	EndGlobalSection
	GlobalSection(ProjectConfigurationPlatforms) = postSolution
		{2C746712-60A0-4A9A-999C-40F950FE5995}.Debug|Any CPU.ActiveCfg = Debug|Any CPU
		{2C746712-60A0-4A9A-999C-40F950FE5995}.Debug|Any CPU.Build.0 = Debug|Any CPU
		{2C746712-60A0-4A9A-999C-40F950FE5995}.Release|Any CPU.ActiveCfg = Release|Any CPU
		{2C746712-60A0-4A9A-999C-40F950FE5995}.Release|Any CPU.Build.0 = Release|Any CPU
		{B794D22D-F0E2-43A8-9914-0A43CECA8A87}.Debug|Any CPU.ActiveCfg = Debug|Any CPU
		{B794D22D-F0E2-43A8-9914-0A43CECA8A87}.Debug|Any CPU.Build.0 = Debug|Any CPU
		{B794D22D-F0E2-43A8-9914-0A43CECA8A87}.Release|Any CPU.ActiveCfg = Release|Any CPU
		{B794D22D-F0E2-43A8-9914-0A43CECA8A87}.Release|Any CPU.Build.0 = Release|Any CPU
		{67311D92-0228-4A98-A740-A4CF3C6B9392}.Debug|Any CPU.ActiveCfg = Debug|Any CPU
		{67311D92-0228-4A98-A740-A4CF3C6B9392}.Debug|Any CPU.Build.0 = Debug|Any CPU
		{67311D92-0228-4A98-A740-A4CF3C6B9392}.Release|Any CPU.ActiveCfg = Release|Any CPU
		{67311D92-0228-4A98-A740-A4CF3C6B9392}.Release|Any CPU.Build.0 = Release|Any CPU
	EndGlobalSection
	GlobalSection(SolutionProperties) = preSolution
		HideSolutionNode = FALSE
	EndGlobalSection
	GlobalSection(ExtensibilityGlobals) = postSolution
		SolutionGuid = {300FD8F9-6C0A-49EB-B466-063E240E21CB}
	EndGlobalSection
EndGlobal
